// !$*UTF8*$!
{
	archiveVersion = 1;
	classes = {
	};
	objectVersion = 46;
	objects = {

/* Begin PBXBuildFile section */
		B698C9C91E1DCB2A00A2E8EA /* AppDelegate.swift in Sources */ = {isa = PBXBuildFile; fileRef = B698C9C81E1DCB2A00A2E8EA /* AppDelegate.swift */; };
		B698C9CB1E1DCB2A00A2E8EA /* ViewController.swift in Sources */ = {isa = PBXBuildFile; fileRef = B698C9CA1E1DCB2A00A2E8EA /* ViewController.swift */; };
		B698C9CE1E1DCB2A00A2E8EA /* Main.storyboard in Resources */ = {isa = PBXBuildFile; fileRef = B698C9CC1E1DCB2A00A2E8EA /* Main.storyboard */; };
		B698C9D11E1DCB2A00A2E8EA /* InventoryAssistant.xcdatamodeld in Sources */ = {isa = PBXBuildFile; fileRef = B698C9CF1E1DCB2A00A2E8EA /* InventoryAssistant.xcdatamodeld */; };
		B698C9D31E1DCB2A00A2E8EA /* Assets.xcassets in Resources */ = {isa = PBXBuildFile; fileRef = B698C9D21E1DCB2A00A2E8EA /* Assets.xcassets */; };
		B698C9D61E1DCB2A00A2E8EA /* LaunchScreen.storyboard in Resources */ = {isa = PBXBuildFile; fileRef = B698C9D41E1DCB2A00A2E8EA /* LaunchScreen.storyboard */; };
/* End PBXBuildFile section */

/* Begin PBXFileReference section */
		B698C9C51E1DCB2A00A2E8EA /* InventoryAssistant.app */ = {isa = PBXFileReference; explicitFileType = wrapper.application; includeInIndex = 0; path = InventoryAssistant.app; sourceTree = BUILT_PRODUCTS_DIR; };
		B698C9C81E1DCB2A00A2E8EA /* AppDelegate.swift */ = {isa = PBXFileReference; lastKnownFileType = sourcecode.swift; path = AppDelegate.swift; sourceTree = "<group>"; };
		B698C9CA1E1DCB2A00A2E8EA /* ViewController.swift */ = {isa = PBXFileReference; lastKnownFileType = sourcecode.swift; path = ViewController.swift; sourceTree = "<group>"; };
		B698C9CD1E1DCB2A00A2E8EA /* Base */ = {isa = PBXFileReference; lastKnownFileType = file.storyboard; name = Base; path = Base.lproj/Main.storyboard; sourceTree = "<group>"; };
		B698C9D01E1DCB2A00A2E8EA /* InventoryAssistant.xcdatamodel */ = {isa = PBXFileReference; lastKnownFileType = wrapper.xcdatamodel; path = InventoryAssistant.xcdatamodel; sourceTree = "<group>"; };
		B698C9D21E1DCB2A00A2E8EA /* Assets.xcassets */ = {isa = PBXFileReference; lastKnownFileType = folder.assetcatalog; path = Assets.xcassets; sourceTree = "<group>"; };
		B698C9D51E1DCB2A00A2E8EA /* Base */ = {isa = PBXFileReference; lastKnownFileType = file.storyboard; name = Base; path = Base.lproj/LaunchScreen.storyboard; sourceTree = "<group>"; };
		B698C9D71E1DCB2A00A2E8EA /* Info.plist */ = {isa = PBXFileReference; lastKnownFileType = text.plist.xml; path = Info.plist; sourceTree = "<group>"; };
/* End PBXFileReference section */

/* Begin PBXFrameworksBuildPhase section */
		B698C9C21E1DCB2900A2E8EA /* Frameworks */ = {
			isa = PBXFrameworksBuildPhase;
			buildActionMask = 2147483647;
			files = (
			);
			runOnlyForDeploymentPostprocessing = 0;
		};
/* End PBXFrameworksBuildPhase section */

/* Begin PBXGroup section */
		B698C9BC1E1DCB2900A2E8EA = {
			isa = PBXGroup;
			children = (
				B698C9C71E1DCB2A00A2E8EA /* InventoryAssistant */,
				B698C9C61E1DCB2A00A2E8EA /* Products */,
			);
			sourceTree = "<group>";
		};
		B698C9C61E1DCB2A00A2E8EA /* Products */ = {
			isa = PBXGroup;
			children = (
				B698C9C51E1DCB2A00A2E8EA /* InventoryAssistant.app */,
			);
			name = Products;
			sourceTree = "<group>";
		};
		B698C9C71E1DCB2A00A2E8EA /* InventoryAssistant */ = {
			isa = PBXGroup;
			children = (
				B698C9C81E1DCB2A00A2E8EA /* AppDelegate.swift */,
				B698C9CA1E1DCB2A00A2E8EA /* ViewController.swift */,
				B698C9CC1E1DCB2A00A2E8EA /* Main.storyboard */,
				B698C9D21E1DCB2A00A2E8EA /* Assets.xcassets */,
				B698C9D41E1DCB2A00A2E8EA /* LaunchScreen.storyboard */,
				B698C9D71E1DCB2A00A2E8EA /* Info.plist */,
				B698C9CF1E1DCB2A00A2E8EA /* InventoryAssistant.xcdatamodeld */,
			);
			path = InventoryAssistant;
			sourceTree = "<group>";
		};
/* End PBXGroup section */

/* Begin PBXNativeTarget section */
		B698C9C41E1DCB2900A2E8EA /* InventoryAssistant */ = {
			isa = PBXNativeTarget;
			buildConfigurationList = B698C9DA1E1DCB2A00A2E8EA /* Build configuration list for PBXNativeTarget "InventoryAssistant" */;
			buildPhases = (
				B698C9C11E1DCB2900A2E8EA /* Sources */,
				B698C9C21E1DCB2900A2E8EA /* Frameworks */,
				B698C9C31E1DCB2900A2E8EA /* Resources */,
			);
			buildRules = (
			);
			dependencies = (
			);
			name = InventoryAssistant;
			productName = InventoryAssistant;
			productReference = B698C9C51E1DCB2A00A2E8EA /* InventoryAssistant.app */;
			productType = "com.apple.product-type.application";
		};
/* End PBXNativeTarget section */

/* Begin PBXProject section */
		B698C9BD1E1DCB2900A2E8EA /* Project object */ = {
			isa = PBXProject;
			attributes = {
				LastSwiftUpdateCheck = 0820;
				LastUpgradeCheck = 0820;
				ORGANIZATIONNAME = Repel;
				TargetAttributes = {
					B698C9C41E1DCB2900A2E8EA = {
						CreatedOnToolsVersion = 8.2.1;
						ProvisioningStyle = Automatic;
					};
				};
			};
			buildConfigurationList = B698C9C01E1DCB2900A2E8EA /* Build configuration list for PBXProject "InventoryAssistant" */;
			compatibilityVersion = "Xcode 3.2";
			developmentRegion = English;
			hasScannedForEncodings = 0;
			knownRegions = (
				en,
				Base,
			);
			mainGroup = B698C9BC1E1DCB2900A2E8EA;
			productRefGroup = B698C9C61E1DCB2A00A2E8EA /* Products */;
			projectDirPath = "";
			projectRoot = "";
			targets = (
				B698C9C41E1DCB2900A2E8EA /* InventoryAssistant */,
			);
		};
/* End PBXProject section */

/* Begin PBXResourcesBuildPhase section */
		B698C9C31E1DCB2900A2E8EA /* Resources */ = {
			isa = PBXResourcesBuildPhase;
			buildActionMask = 2147483647;
			files = (
				B698C9D61E1DCB2A00A2E8EA /* LaunchScreen.storyboard in Resources */,
				B698C9D31E1DCB2A00A2E8EA /* Assets.xcassets in Resources */,
				B698C9CE1E1DCB2A00A2E8EA /* Main.storyboard in Resources */,
			);
			runOnlyForDeploymentPostprocessing = 0;
		};
/* End PBXResourcesBuildPhase section */

/* Begin PBXSourcesBuildPhase section */
		B698C9C11E1DCB2900A2E8EA /* Sources */ = {
			isa = PBXSourcesBuildPhase;
			buildActionMask = 2147483647;
			files = (
				B698C9D11E1DCB2A00A2E8EA /* InventoryAssistant.xcdatamodeld in Sources */,
				B698C9CB1E1DCB2A00A2E8EA /* ViewController.swift in Sources */,
				B698C9C91E1DCB2A00A2E8EA /* AppDelegate.swift in Sources */,
			);
			runOnlyForDeploymentPostprocessing = 0;
		};
/* End PBXSourcesBuildPhase section */

/* Begin PBXVariantGroup section */
		B698C9CC1E1DCB2A00A2E8EA /* Main.storyboard */ = {
			isa = PBXVariantGroup;
			children = (
				B698C9CD1E1DCB2A00A2E8EA /* Base */,
			);
			name = Main.storyboard;
			sourceTree = "<group>";
		};
		B698C9D41E1DCB2A00A2E8EA /* LaunchScreen.storyboard */ = {
			isa = PBXVariantGroup;
			children = (
				B698C9D51E1DCB2A00A2E8EA /* Base */,
			);
			name = LaunchScreen.storyboard;
			sourceTree = "<group>";
		};
/* End PBXVariantGroup section */

/* Begin XCBuildConfiguration section */
		B698C9D81E1DCB2A00A2E8EA /* Debug */ = {
			isa = XCBuildConfiguration;
			buildSettings = {
				ALWAYS_SEARCH_USER_PATHS = NO;
				CLANG_ANALYZER_NONNULL = YES;
				CLANG_CXX_LANGUAGE_STANDARD = "gnu++0x";
				CLANG_CXX_LIBRARY = "libc++";
				CLANG_ENABLE_MODULES = YES;
				CLANG_ENABLE_OBJC_ARC = YES;
				CLANG_WARN_BOOL_CONVERSION = YES;
				CLANG_WARN_CONSTANT_CONVERSION = YES;
				CLANG_WARN_DIRECT_OBJC_ISA_USAGE = YES_ERROR;
				CLANG_WARN_DOCUMENTATION_COMMENTS = YES;
				CLANG_WARN_EMPTY_BODY = YES;
				CLANG_WARN_ENUM_CONVERSION = YES;
				CLANG_WARN_INFINITE_RECURSION = YES;
				CLANG_WARN_INT_CONVERSION = YES;
				CLANG_WARN_OBJC_ROOT_CLASS = YES_ERROR;
				CLANG_WARN_SUSPICIOUS_MOVE = YES;
				CLANG_WARN_UNREACHABLE_CODE = YES;
				CLANG_WARN__DUPLICATE_METHOD_MATCH = YES;
				"CODE_SIGN_IDENTITY[sdk=iphoneos*]" = "iPhone Developer";
				COPY_PHASE_STRIP = NO;
				DEBUG_INFORMATION_FORMAT = dwarf;
				ENABLE_STRICT_OBJC_MSGSEND = YES;
				ENABLE_TESTABILITY = YES;
				GCC_C_LANGUAGE_STANDARD = gnu99;
				GCC_DYNAMIC_NO_PIC = NO;
				GCC_NO_COMMON_BLOCKS = YES;
				GCC_OPTIMIZATION_LEVEL = 0;
				GCC_PREPROCESSOR_DEFINITIONS = (
					"DEBUG=1",
					"$(inherited)",
				);
				GCC_WARN_64_TO_32_BIT_CONVERSION = YES;
				GCC_WARN_ABOUT_RETURN_TYPE = YES_ERROR;
				GCC_WARN_UNDECLARED_SELECTOR = YES;
				GCC_WARN_UNINITIALIZED_AUTOS = YES_AGGRESSIVE;
				GCC_WARN_UNUSED_FUNCTION = YES;
				GCC_WARN_UNUSED_VARIABLE = YES;
				IPHONEOS_DEPLOYMENT_TARGET = 10.2;
				MTL_ENABLE_DEBUG_INFO = YES;
				ONLY_ACTIVE_ARCH = YES;
				SDKROOT = iphoneos;
				SWIFT_ACTIVE_COMPILATION_CONDITIONS = DEBUG;
				SWIFT_OPTIMIZATION_LEVEL = "-Onone";
				TARGETED_DEVICE_FAMILY = "1,2";
			};
			name = Debug;
		};
		B698C9D91E1DCB2A00A2E8EA /* Release */ = {
			isa = XCBuildConfiguration;
			buildSettings = {
				ALWAYS_SEARCH_USER_PATHS = NO;
				CLANG_ANALYZER_NONNULL = YES;
				CLANG_CXX_LANGUAGE_STANDARD = "gnu++0x";
				CLANG_CXX_LIBRARY = "libc++";
				CLANG_ENABLE_MODULES = YES;
				CLANG_ENABLE_OBJC_ARC = YES;
				CLANG_WARN_BOOL_CONVERSION = YES;
				CLANG_WARN_CONSTANT_CONVERSION = YES;
				CLANG_WARN_DIRECT_OBJC_ISA_USAGE = YES_ERROR;
				CLANG_WARN_DOCUMENTATION_COMMENTS = YES;
				CLANG_WARN_EMPTY_BODY = YES;
				CLANG_WARN_ENUM_CONVERSION = YES;
				CLANG_WARN_INFINITE_RECURSION = YES;
				CLANG_WARN_INT_CONVERSION = YES;
				CLANG_WARN_OBJC_ROOT_CLASS = YES_ERROR;
				CLANG_WARN_SUSPICIOUS_MOVE = YES;
				CLANG_WARN_UNREACHABLE_CODE = YES;
				CLANG_WARN__DUPLICATE_METHOD_MATCH = YES;
				"CODE_SIGN_IDENTITY[sdk=iphoneos*]" = "iPhone Developer";
				COPY_PHASE_STRIP = NO;
				DEBUG_INFORMATION_FORMAT = "dwarf-with-dsym";
				ENABLE_NS_ASSERTIONS = NO;
				ENABLE_STRICT_OBJC_MSGSEND = YES;
				GCC_C_LANGUAGE_STANDARD = gnu99;
				GCC_NO_COMMON_BLOCKS = YES;
				GCC_WARN_64_TO_32_BIT_CONVERSION = YES;
				GCC_WARN_ABOUT_RETURN_TYPE = YES_ERROR;
				GCC_WARN_UNDECLARED_SELECTOR = YES;
				GCC_WARN_UNINITIALIZED_AUTOS = YES_AGGRESSIVE;
				GCC_WARN_UNUSED_FUNCTION = YES;
				GCC_WARN_UNUSED_VARIABLE = YES;
				IPHONEOS_DEPLOYMENT_TARGET = 10.2;
				MTL_ENABLE_DEBUG_INFO = NO;
				SDKROOT = iphoneos;
				SWIFT_OPTIMIZATION_LEVEL = "-Owholemodule";
				TARGETED_DEVICE_FAMILY = "1,2";
				VALIDATE_PRODUCT = YES;
			};
			name = Release;
		};
		B698C9DB1E1DCB2A00A2E8EA /* Debug */ = {
			isa = XCBuildConfiguration;
			buildSettings = {
				ASSETCATALOG_COMPILER_APPICON_NAME = AppIcon;
				INFOPLIST_FILE = InventoryAssistant/Info.plist;
				LD_RUNPATH_SEARCH_PATHS = "$(inherited) @executable_path/Frameworks";
				PRODUCT_BUNDLE_IDENTIFIER = com.repel.InventoryAssistant;
				PRODUCT_NAME = "$(TARGET_NAME)";
				SWIFT_VERSION = 3.0;
			};
			name = Debug;
		};
		B698C9DC1E1DCB2A00A2E8EA /* Release */ = {
			isa = XCBuildConfiguration;
			buildSettings = {
				ASSETCATALOG_COMPILER_APPICON_NAME = AppIcon;
				INFOPLIST_FILE = InventoryAssistant/Info.plist;
				LD_RUNPATH_SEARCH_PATHS = "$(inherited) @executable_path/Frameworks";
				PRODUCT_BUNDLE_IDENTIFIER = com.repel.InventoryAssistant;
				PRODUCT_NAME = "$(TARGET_NAME)";
				SWIFT_VERSION = 3.0;
			};
			name = Release;
		};
/* End XCBuildConfiguration section */

/* Begin XCConfigurationList section */
		B698C9C01E1DCB2900A2E8EA /* Build configuration list for PBXProject "InventoryAssistant" */ = {
			isa = XCConfigurationList;
			buildConfigurations = (
				B698C9D81E1DCB2A00A2E8EA /* Debug */,
				B698C9D91E1DCB2A00A2E8EA /* Release */,
			);
			defaultConfigurationIsVisible = 0;
			defaultConfigurationName = Release;
		};
		B698C9DA1E1DCB2A00A2E8EA /* Build configuration list for PBXNativeTarget "InventoryAssistant" */ = {
			isa = XCConfigurationList;
			buildConfigurations = (
				B698C9DB1E1DCB2A00A2E8EA /* Debug */,
				B698C9DC1E1DCB2A00A2E8EA /* Release */,
			);
			defaultConfigurationIsVisible = 0;
		};
/* End XCConfigurationList section */

/* Begin XCVersionGroup section */
		B698C9CF1E1DCB2A00A2E8EA /* InventoryAssistant.xcdatamodeld */ = {
			isa = XCVersionGroup;
			children = (
				B698C9D01E1DCB2A00A2E8EA /* InventoryAssistant.xcdatamodel */,
			);
			currentVersion = B698C9D01E1DCB2A00A2E8EA /* InventoryAssistant.xcdatamodel */;
			path = InventoryAssistant.xcdatamodeld;
			sourceTree = "<group>";
			versionGroupType = wrapper.xcdatamodel;
		};
/* End XCVersionGroup section */
	};
	rootObject = B698C9BD1E1DCB2900A2E8EA /* Project object */;
}
